
Microsoft Visual Studio Solution File, Format Version 12.00
# Visual Studio Version 18
VisualStudioVersion = 18.3.11206.111
MinimumVisualStudioVersion = 10.0.40219.1
Project("{FAE04EC0-301F-11D3-BF4B-00C04F79EFBC}") = "YX", "YX\YX.csproj", "{709A1A5D-7826-4FB8-AE2C-CED6DE8DB5FC}"
EndProject
Global
	GlobalSection(SolutionConfigurationPlatforms) = preSolution
		Debug|Any CPU = Debug|Any CPU
		Debug|x64 = Debug|x64
		Debug|x86 = Debug|x86
		Release|Any CPU = Release|Any CPU
		Release|x64 = Release|x64
		Release|x86 = Release|x86
	EndGlobalSection
	GlobalSection(ProjectConfigurationPlatforms) = postSolution
		{709A1A5D-7826-4FB8-AE2C-CED6DE8DB5FC}.Debug|Any CPU.ActiveCfg = Debug|Any CPU
		{709A1A5D-7826-4FB8-AE2C-CED6DE8DB5FC}.Debug|Any CPU.Build.0 = Debug|Any CPU
		{709A1A5D-7826-4FB8-AE2C-CED6DE8DB5FC}.Debug|x64.ActiveCfg = Debug|Any CPU
		{709A1A5D-7826-4FB8-AE2C-CED6DE8DB5FC}.Debug|x64.Build.0 = Debug|Any CPU
		{709A1A5D-7826-4FB8-AE2C-CED6DE8DB5FC}.Debug|x86.ActiveCfg = Debug|Any CPU
		{709A1A5D-7826-4FB8-AE2C-CED6DE8DB5FC}.Debug|x86.Build.0 = Debug|Any CPU
		{709A1A5D-7826-4FB8-AE2C-CED6DE8DB5FC}.Release|Any CPU.ActiveCfg = Release|Any CPU
		{709A1A5D-7826-4FB8-AE2C-CED6DE8DB5FC}.Release|Any CPU.Build.0 = Release|Any CPU
		{709A1A5D-7826-4FB8-AE2C-CED6DE8DB5FC}.Release|x64.ActiveCfg = Release|Any CPU
		{709A1A5D-7826-4FB8-AE2C-CED6DE8DB5FC}.Release|x64.Build.0 = Release|Any CPU
		{709A1A5D-7826-4FB8-AE2C-CED6DE8DB5FC}.Release|x86.ActiveCfg = Release|Any CPU
		{709A1A5D-7826-4FB8-AE2C-CED6DE8DB5FC}.Release|x86.Build.0 = Release|Any CPU
	EndGlobalSection
	GlobalSection(SolutionProperties) = preSolution
		HideSolutionNode = FALSE
	EndGlobalSection
	GlobalSection(ExtensibilityGlobals) = postSolution
		SolutionGuid = {16A25CE0-2EC5-42D3-AD10-2D71D231B0BC}
	EndGlobalSection
EndGlobal
